
Microsoft Visual Studio Solution File, Format Version 12.00
# Visual Studio 14
VisualStudioVersion = 14.0.25402.0
MinimumVisualStudioVersion = 10.0.40219.1
Project("{2150E333-8FDC-42A3-9474-1A3956D46DE8}") = "src", "src", "{6BD3F337-D91C-458A-964A-A2F37950A416}"
EndProject
Project("{2150E333-8FDC-42A3-9474-1A3956D46DE8}") = "Solution Items", "Solution Items", "{58EAA32F-131B-4D15-9A49-790FAFCC7B47}"
	ProjectSection(SolutionItems) = preProject
		global.json = global.json
	EndProjectSection
EndProject
Project("{8BB2217D-0F2D-49D1-97BC-3654ED321F3B}") = "ng2netcore.API", "src\ng2netcore.API\ng2netcore.API.xproj", "{C99B4464-4C8D-4379-86D6-1C317BA2BB1F}"
EndProject
Global
	GlobalSection(SolutionConfigurationPlatforms) = preSolution
		Debug|Any CPU = Debug|Any CPU
		Release|Any CPU = Release|Any CPU
	EndGlobalSection
	GlobalSection(ProjectConfigurationPlatforms) = postSolution
		{C99B4464-4C8D-4379-86D6-1C317BA2BB1F}.Debug|Any CPU.ActiveCfg = Debug|Any CPU
		{C99B4464-4C8D-4379-86D6-1C317BA2BB1F}.Debug|Any CPU.Build.0 = Debug|Any CPU
		{C99B4464-4C8D-4379-86D6-1C317BA2BB1F}.Release|Any CPU.ActiveCfg = Release|Any CPU
		{C99B4464-4C8D-4379-86D6-1C317BA2BB1F}.Release|Any CPU.Build.0 = Release|Any CPU
	EndGlobalSection
	GlobalSection(SolutionProperties) = preSolution
		HideSolutionNode = FALSE
	EndGlobalSection
	GlobalSection(NestedProjects) = preSolution
		{C99B4464-4C8D-4379-86D6-1C317BA2BB1F} = {6BD3F337-D91C-458A-964A-A2F37950A416}
	EndGlobalSection
EndGlobal
